// !$*UTF8*$!
{
	archiveVersion = 1;
	classes = {
	};
	objectVersion = 55;
	objects = {

/* Begin PBXBuildFile section */
		A4BB2BC9275259CD006EC99C /* AppDelegate.m in Sources */ = {isa = PBXBuildFile; fileRef = A4BB2BC8275259CD006EC99C /* AppDelegate.m */; };
		A4BB2BCC275259CD006EC99C /* SceneDelegate.m in Sources */ = {isa = PBXBuildFile; fileRef = A4BB2BCB275259CD006EC99C /* SceneDelegate.m */; };
		A4BB2BCF275259CD006EC99C /* ViewController.m in Sources */ = {isa = PBXBuildFile; fileRef = A4BB2BCE275259CD006EC99C /* ViewController.m */; };
		A4BB2BD2275259CD006EC99C /* Main.storyboard in Resources */ = {isa = PBXBuildFile; fileRef = A4BB2BD0275259CD006EC99C /* Main.storyboard */; };
		A4BB2BD4275259CD006EC99C /* Assets.xcassets in Resources */ = {isa = PBXBuildFile; fileRef = A4BB2BD3275259CD006EC99C /* Assets.xcassets */; };
		A4BB2BD7275259CD006EC99C /* LaunchScreen.storyboard in Resources */ = {isa = PBXBuildFile; fileRef = A4BB2BD5275259CD006EC99C /* LaunchScreen.storyboard */; };
		A4BB2BDA275259CD006EC99C /* main.m in Sources */ = {isa = PBXBuildFile; fileRef = A4BB2BD9275259CD006EC99C /* main.m */; };
		A4BB2BE727525AA8006EC99C /* Cat.wav in Resources */ = {isa = PBXBuildFile; fileRef = A4BB2BE627525AA8006EC99C /* Cat.wav */; };
		A4BB2BEA27526391006EC99C /* AudioToolbox.framework in Frameworks */ = {isa = PBXBuildFile; fileRef = A4BB2BE927526391006EC99C /* AudioToolbox.framework */; };
/* End PBXBuildFile section */

/* Begin PBXFileReference section */
		A4BB2BC4275259CD006EC99C /* CatsApp.app */ = {isa = PBXFileReference; explicitFileType = wrapper.application; includeInIndex = 0; path = CatsApp.app; sourceTree = BUILT_PRODUCTS_DIR; };
		A4BB2BC7275259CD006EC99C /* AppDelegate.h */ = {isa = PBXFileReference; lastKnownFileType = sourcecode.c.h; path = AppDelegate.h; sourceTree = "<group>"; };
		A4BB2BC8275259CD006EC99C /* AppDelegate.m */ = {isa = PBXFileReference; lastKnownFileType = sourcecode.c.objc; path = AppDelegate.m; sourceTree = "<group>"; };
		A4BB2BCA275259CD006EC99C /* SceneDelegate.h */ = {isa = PBXFileReference; lastKnownFileType = sourcecode.c.h; path = SceneDelegate.h; sourceTree = "<group>"; };
		A4BB2BCB275259CD006EC99C /* SceneDelegate.m */ = {isa = PBXFileReference; lastKnownFileType = sourcecode.c.objc; path = SceneDelegate.m; sourceTree = "<group>"; };
		A4BB2BCD275259CD006EC99C /* ViewController.h */ = {isa = PBXFileReference; lastKnownFileType = sourcecode.c.h; path = ViewController.h; sourceTree = "<group>"; };
		A4BB2BCE275259CD006EC99C /* ViewController.m */ = {isa = PBXFileReference; lastKnownFileType = sourcecode.c.objc; path = ViewController.m; sourceTree = "<group>"; };
		A4BB2BD1275259CD006EC99C /* Base */ = {isa = PBXFileReference; lastKnownFileType = file.storyboard; name = Base; path = Base.lproj/Main.storyboard; sourceTree = "<group>"; };
		A4BB2BD3275259CD006EC99C /* Assets.xcassets */ = {isa = PBXFileReference; lastKnownFileType = folder.assetcatalog; path = Assets.xcassets; sourceTree = "<group>"; };
		A4BB2BD6275259CD006EC99C /* Base */ = {isa = PBXFileReference; lastKnownFileType = file.storyboard; name = Base; path = Base.lproj/LaunchScreen.storyboard; sourceTree = "<group>"; };
		A4BB2BD8275259CD006EC99C /* Info.plist */ = {isa = PBXFileReference; lastKnownFileType = text.plist.xml; path = Info.plist; sourceTree = "<group>"; };
		A4BB2BD9275259CD006EC99C /* main.m */ = {isa = PBXFileReference; lastKnownFileType = sourcecode.c.objc; path = main.m; sourceTree = "<group>"; };
		A4BB2BE627525AA8006EC99C /* Cat.wav */ = {isa = PBXFileReference; lastKnownFileType = audio.wav; path = Cat.wav; sourceTree = "<group>"; };
		A4BB2BE927526391006EC99C /* AudioToolbox.framework */ = {isa = PBXFileReference; lastKnownFileType = wrapper.framework; name = AudioToolbox.framework; path = System/Library/Frameworks/AudioToolbox.framework; sourceTree = SDKROOT; };
/* End PBXFileReference section */

/* Begin PBXFrameworksBuildPhase section */
		A4BB2BC1275259CD006EC99C /* Frameworks */ = {
			isa = PBXFrameworksBuildPhase;
			buildActionMask = 2147483647;
			files = (
				A4BB2BEA27526391006EC99C /* AudioToolbox.framework in Frameworks */,
			);
			runOnlyForDeploymentPostprocessing = 0;
		};
/* End PBXFrameworksBuildPhase section */

/* Begin PBXGroup section */
		A4BB2BBB275259CD006EC99C = {
			isa = PBXGroup;
			children = (
				A4BB2BC6275259CD006EC99C /* CatsApp */,
				A4BB2BC5275259CD006EC99C /* Products */,
				A4BB2BE827526391006EC99C /* Frameworks */,
			);
			sourceTree = "<group>";
		};
		A4BB2BC5275259CD006EC99C /* Products */ = {
			isa = PBXGroup;
			children = (
				A4BB2BC4275259CD006EC99C /* CatsApp.app */,
			);
			name = Products;
			sourceTree = "<group>";
		};
		A4BB2BC6275259CD006EC99C /* CatsApp */ = {
			isa = PBXGroup;
			children = (
				A4BB2BE0275259ED006EC99C /* Application */,
				A4BB2BE527525A48006EC99C /* Resources */,
				A4BB2BE327525A1F006EC99C /* Scenes */,
			);
			path = CatsApp;
			sourceTree = "<group>";
		};
		A4BB2BE0275259ED006EC99C /* Application */ = {
			isa = PBXGroup;
			children = (
				A4BB2BD9275259CD006EC99C /* main.m */,
				A4BB2BD8275259CD006EC99C /* Info.plist */,
				A4BB2BE1275259F7006EC99C /* AppDelegate */,
				A4BB2BD5275259CD006EC99C /* LaunchScreen.storyboard */,
				A4BB2BE227525A02006EC99C /* SceneDelegate */,
			);
			name = Application;
			sourceTree = "<group>";
		};
		A4BB2BE1275259F7006EC99C /* AppDelegate */ = {
			isa = PBXGroup;
			children = (
				A4BB2BC7275259CD006EC99C /* AppDelegate.h */,
				A4BB2BC8275259CD006EC99C /* AppDelegate.m */,
			);
			name = AppDelegate;
			sourceTree = "<group>";
		};
		A4BB2BE227525A02006EC99C /* SceneDelegate */ = {
			isa = PBXGroup;
			children = (
				A4BB2BCA275259CD006EC99C /* SceneDelegate.h */,
				A4BB2BCB275259CD006EC99C /* SceneDelegate.m */,
			);
			name = SceneDelegate;
			sourceTree = "<group>";
		};
		A4BB2BE327525A1F006EC99C /* Scenes */ = {
			isa = PBXGroup;
			children = (
				A4BB2BE427525A39006EC99C /* ViewController */,
			);
			path = Scenes;
			sourceTree = "<group>";
		};
		A4BB2BE427525A39006EC99C /* ViewController */ = {
			isa = PBXGroup;
			children = (
				A4BB2BCD275259CD006EC99C /* ViewController.h */,
				A4BB2BCE275259CD006EC99C /* ViewController.m */,
				A4BB2BD0275259CD006EC99C /* Main.storyboard */,
			);
			path = ViewController;
			sourceTree = "<group>";
		};
		A4BB2BE527525A48006EC99C /* Resources */ = {
			isa = PBXGroup;
			children = (
				A4BB2BE627525AA8006EC99C /* Cat.wav */,
				A4BB2BD3275259CD006EC99C /* Assets.xcassets */,
			);
			name = Resources;
			sourceTree = "<group>";
		};
		A4BB2BE827526391006EC99C /* Frameworks */ = {
			isa = PBXGroup;
			children = (
				A4BB2BE927526391006EC99C /* AudioToolbox.framework */,
			);
			name = Frameworks;
			sourceTree = "<group>";
		};
/* End PBXGroup section */

/* Begin PBXNativeTarget section */
		A4BB2BC3275259CD006EC99C /* CatsApp */ = {
			isa = PBXNativeTarget;
			buildConfigurationList = A4BB2BDD275259CD006EC99C /* Build configuration list for PBXNativeTarget "CatsApp" */;
			buildPhases = (
				A4BB2BC0275259CD006EC99C /* Sources */,
				A4BB2BC1275259CD006EC99C /* Frameworks */,
				A4BB2BC2275259CD006EC99C /* Resources */,
			);
			buildRules = (
			);
			dependencies = (
			);
			name = CatsApp;
			productName = CatsApp;
			productReference = A4BB2BC4275259CD006EC99C /* CatsApp.app */;
			productType = "com.apple.product-type.application";
		};
/* End PBXNativeTarget section */

/* Begin PBXProject section */
		A4BB2BBC275259CD006EC99C /* Project object */ = {
			isa = PBXProject;
			attributes = {
				BuildIndependentTargetsInParallel = 1;
				LastUpgradeCheck = 1310;
				TargetAttributes = {
					A4BB2BC3275259CD006EC99C = {
						CreatedOnToolsVersion = 13.1;
					};
				};
			};
			buildConfigurationList = A4BB2BBF275259CD006EC99C /* Build configuration list for PBXProject "CatsApp" */;
			compatibilityVersion = "Xcode 13.0";
			developmentRegion = en;
			hasScannedForEncodings = 0;
			knownRegions = (
				en,
				Base,
			);
			mainGroup = A4BB2BBB275259CD006EC99C;
			productRefGroup = A4BB2BC5275259CD006EC99C /* Products */;
			projectDirPath = "";
			projectRoot = "";
			targets = (
				A4BB2BC3275259CD006EC99C /* CatsApp */,
			);
		};
/* End PBXProject section */

/* Begin PBXResourcesBuildPhase section */
		A4BB2BC2275259CD006EC99C /* Resources */ = {
			isa = PBXResourcesBuildPhase;
			buildActionMask = 2147483647;
			files = (
				A4BB2BD7275259CD006EC99C /* LaunchScreen.storyboard in Resources */,
				A4BB2BD4275259CD006EC99C /* Assets.xcassets in Resources */,
				A4BB2BD2275259CD006EC99C /* Main.storyboard in Resources */,
				A4BB2BE727525AA8006EC99C /* Cat.wav in Resources */,
			);
			runOnlyForDeploymentPostprocessing = 0;
		};
/* End PBXResourcesBuildPhase section */

/* Begin PBXSourcesBuildPhase section */
		A4BB2BC0275259CD006EC99C /* Sources */ = {
			isa = PBXSourcesBuildPhase;
			buildActionMask = 2147483647;
			files = (
				A4BB2BCF275259CD006EC99C /* ViewController.m in Sources */,
				A4BB2BC9275259CD006EC99C /* AppDelegate.m in Sources */,
				A4BB2BDA275259CD006EC99C /* main.m in Sources */,
				A4BB2BCC275259CD006EC99C /* SceneDelegate.m in Sources */,
			);
			runOnlyForDeploymentPostprocessing = 0;
		};
/* End PBXSourcesBuildPhase section */

/* Begin PBXVariantGroup section */
		A4BB2BD0275259CD006EC99C /* Main.storyboard */ = {
			isa = PBXVariantGroup;
			children = (
				A4BB2BD1275259CD006EC99C /* Base */,
			);
			name = Main.storyboard;
			sourceTree = "<group>";
		};
		A4BB2BD5275259CD006EC99C /* LaunchScreen.storyboard */ = {
			isa = PBXVariantGroup;
			children = (
				A4BB2BD6275259CD006EC99C /* Base */,
			);
			name = LaunchScreen.storyboard;
			sourceTree = "<group>";
		};
/* End PBXVariantGroup section */

/* Begin XCBuildConfiguration section */
		A4BB2BDB275259CD006EC99C /* Debug */ = {
			isa = XCBuildConfiguration;
			buildSettings = {
				ALWAYS_SEARCH_USER_PATHS = NO;
				CLANG_ANALYZER_NONNULL = YES;
				CLANG_ANALYZER_NUMBER_OBJECT_CONVERSION = YES_AGGRESSIVE;
				CLANG_CXX_LANGUAGE_STANDARD = "gnu++17";
				CLANG_CXX_LIBRARY = "libc++";
				CLANG_ENABLE_MODULES = YES;
				CLANG_ENABLE_OBJC_ARC = YES;
				CLANG_ENABLE_OBJC_WEAK = YES;
				CLANG_WARN_BLOCK_CAPTURE_AUTORELEASING = YES;
				CLANG_WARN_BOOL_CONVERSION = YES;
				CLANG_WARN_COMMA = YES;
				CLANG_WARN_CONSTANT_CONVERSION = YES;
				CLANG_WARN_DEPRECATED_OBJC_IMPLEMENTATIONS = YES;
				CLANG_WARN_DIRECT_OBJC_ISA_USAGE = YES_ERROR;
				CLANG_WARN_DOCUMENTATION_COMMENTS = YES;
				CLANG_WARN_EMPTY_BODY = YES;
				CLANG_WARN_ENUM_CONVERSION = YES;
				CLANG_WARN_INFINITE_RECURSION = YES;
				CLANG_WARN_INT_CONVERSION = YES;
				CLANG_WARN_NON_LITERAL_NULL_CONVERSION = YES;
				CLANG_WARN_OBJC_IMPLICIT_RETAIN_SELF = YES;
				CLANG_WARN_OBJC_LITERAL_CONVERSION = YES;
				CLANG_WARN_OBJC_ROOT_CLASS = YES_ERROR;
				CLANG_WARN_QUOTED_INCLUDE_IN_FRAMEWORK_HEADER = YES;
				CLANG_WARN_RANGE_LOOP_ANALYSIS = YES;
				CLANG_WARN_STRICT_PROTOTYPES = YES;
				CLANG_WARN_SUSPICIOUS_MOVE = YES;
				CLANG_WARN_UNGUARDED_AVAILABILITY = YES_AGGRESSIVE;
				CLANG_WARN_UNREACHABLE_CODE = YES;
				CLANG_WARN__DUPLICATE_METHOD_MATCH = YES;
				COPY_PHASE_STRIP = NO;
				DEBUG_INFORMATION_FORMAT = dwarf;
				ENABLE_STRICT_OBJC_MSGSEND = YES;
				ENABLE_TESTABILITY = YES;
				GCC_C_LANGUAGE_STANDARD = gnu11;
				GCC_DYNAMIC_NO_PIC = NO;
				GCC_NO_COMMON_BLOCKS = YES;
				GCC_OPTIMIZATION_LEVEL = 0;
				GCC_PREPROCESSOR_DEFINITIONS = (
					"DEBUG=1",
					"$(inherited)",
				);
				GCC_WARN_64_TO_32_BIT_CONVERSION = YES;
				GCC_WARN_ABOUT_RETURN_TYPE = YES_ERROR;
				GCC_WARN_UNDECLARED_SELECTOR = YES;
				GCC_WARN_UNINITIALIZED_AUTOS = YES_AGGRESSIVE;
				GCC_WARN_UNUSED_FUNCTION = YES;
				GCC_WARN_UNUSED_VARIABLE = YES;
				IPHONEOS_DEPLOYMENT_TARGET = 15.0;
				MTL_ENABLE_DEBUG_INFO = INCLUDE_SOURCE;
				MTL_FAST_MATH = YES;
				ONLY_ACTIVE_ARCH = YES;
				SDKROOT = iphoneos;
			};
			name = Debug;
		};
		A4BB2BDC275259CD006EC99C /* Release */ = {
			isa = XCBuildConfiguration;
			buildSettings = {
				ALWAYS_SEARCH_USER_PATHS = NO;
				CLANG_ANALYZER_NONNULL = YES;
				CLANG_ANALYZER_NUMBER_OBJECT_CONVERSION = YES_AGGRESSIVE;
				CLANG_CXX_LANGUAGE_STANDARD = "gnu++17";
				CLANG_CXX_LIBRARY = "libc++";
				CLANG_ENABLE_MODULES = YES;
				CLANG_ENABLE_OBJC_ARC = YES;
				CLANG_ENABLE_OBJC_WEAK = YES;
				CLANG_WARN_BLOCK_CAPTURE_AUTORELEASING = YES;
				CLANG_WARN_BOOL_CONVERSION = YES;
				CLANG_WARN_COMMA = YES;
				CLANG_WARN_CONSTANT_CONVERSION = YES;
				CLANG_WARN_DEPRECATED_OBJC_IMPLEMENTATIONS = YES;
				CLANG_WARN_DIRECT_OBJC_ISA_USAGE = YES_ERROR;
				CLANG_WARN_DOCUMENTATION_COMMENTS = YES;
				CLANG_WARN_EMPTY_BODY = YES;
				CLANG_WARN_ENUM_CONVERSION = YES;
				CLANG_WARN_INFINITE_RECURSION = YES;
				CLANG_WARN_INT_CONVERSION = YES;
				CLANG_WARN_NON_LITERAL_NULL_CONVERSION = YES;
				CLANG_WARN_OBJC_IMPLICIT_RETAIN_SELF = YES;
				CLANG_WARN_OBJC_LITERAL_CONVERSION = YES;
				CLANG_WARN_OBJC_ROOT_CLASS = YES_ERROR;
				CLANG_WARN_QUOTED_INCLUDE_IN_FRAMEWORK_HEADER = YES;
				CLANG_WARN_RANGE_LOOP_ANALYSIS = YES;
				CLANG_WARN_STRICT_PROTOTYPES = YES;
				CLANG_WARN_SUSPICIOUS_MOVE = YES;
				CLANG_WARN_UNGUARDED_AVAILABILITY = YES_AGGRESSIVE;
				CLANG_WARN_UNREACHABLE_CODE = YES;
				CLANG_WARN__DUPLICATE_METHOD_MATCH = YES;
				COPY_PHASE_STRIP = NO;
				DEBUG_INFORMATION_FORMAT = "dwarf-with-dsym";
				ENABLE_NS_ASSERTIONS = NO;
				ENABLE_STRICT_OBJC_MSGSEND = YES;
				GCC_C_LANGUAGE_STANDARD = gnu11;
				GCC_NO_COMMON_BLOCKS = YES;
				GCC_WARN_64_TO_32_BIT_CONVERSION = YES;
				GCC_WARN_ABOUT_RETURN_TYPE = YES_ERROR;
				GCC_WARN_UNDECLARED_SELECTOR = YES;
				GCC_WARN_UNINITIALIZED_AUTOS = YES_AGGRESSIVE;
				GCC_WARN_UNUSED_FUNCTION = YES;
				GCC_WARN_UNUSED_VARIABLE = YES;
				IPHONEOS_DEPLOYMENT_TARGET = 15.0;
				MTL_ENABLE_DEBUG_INFO = NO;
				MTL_FAST_MATH = YES;
				SDKROOT = iphoneos;
				VALIDATE_PRODUCT = YES;
			};
			name = Release;
		};
		A4BB2BDE275259CD006EC99C /* Debug */ = {
			isa = XCBuildConfiguration;
			buildSettings = {
				ASSETCATALOG_COMPILER_APPICON_NAME = AppIcon;
				ASSETCATALOG_COMPILER_GLOBAL_ACCENT_COLOR_NAME = AccentColor;
				CODE_SIGN_STYLE = Automatic;
				CURRENT_PROJECT_VERSION = 1;
				DEVELOPMENT_TEAM = SBMC5ACFG8;
				GENERATE_INFOPLIST_FILE = YES;
				INFOPLIST_FILE = CatsApp/Info.plist;
				INFOPLIST_KEY_UIApplicationSupportsIndirectInputEvents = YES;
				INFOPLIST_KEY_UILaunchStoryboardName = LaunchScreen;
				INFOPLIST_KEY_UIMainStoryboardFile = Main;
				INFOPLIST_KEY_UISupportedInterfaceOrientations_iPad = "UIInterfaceOrientationPortrait UIInterfaceOrientationPortraitUpsideDown UIInterfaceOrientationLandscapeLeft UIInterfaceOrientationLandscapeRight";
				INFOPLIST_KEY_UISupportedInterfaceOrientations_iPhone = "UIInterfaceOrientationPortrait UIInterfaceOrientationLandscapeLeft UIInterfaceOrientationLandscapeRight";
				LD_RUNPATH_SEARCH_PATHS = (
					"$(inherited)",
					"@executable_path/Frameworks",
				);
				MARKETING_VERSION = 1.0;
				PRODUCT_BUNDLE_IDENTIFIER = net.aaronlab.CatsApp;
				PRODUCT_NAME = "$(TARGET_NAME)";
				SWIFT_EMIT_LOC_STRINGS = YES;
				TARGETED_DEVICE_FAMILY = "1,2";
			};
			name = Debug;
		};
		A4BB2BDF275259CD006EC99C /* Release */ = {
			isa = XCBuildConfiguration;
			buildSettings = {
				ASSETCATALOG_COMPILER_APPICON_NAME = AppIcon;
				ASSETCATALOG_COMPILER_GLOBAL_ACCENT_COLOR_NAME = AccentColor;
				CODE_SIGN_STYLE = Automatic;
				CURRENT_PROJECT_VERSION = 1;
				DEVELOPMENT_TEAM = SBMC5ACFG8;
				GENERATE_INFOPLIST_FILE = YES;
				INFOPLIST_FILE = CatsApp/Info.plist;
				INFOPLIST_KEY_UIApplicationSupportsIndirectInputEvents = YES;
				INFOPLIST_KEY_UILaunchStoryboardName = LaunchScreen;
				INFOPLIST_KEY_UIMainStoryboardFile = Main;
				INFOPLIST_KEY_UISupportedInterfaceOrientations_iPad = "UIInterfaceOrientationPortrait UIInterfaceOrientationPortraitUpsideDown UIInterfaceOrientationLandscapeLeft UIInterfaceOrientationLandscapeRight";
				INFOPLIST_KEY_UISupportedInterfaceOrientations_iPhone = "UIInterfaceOrientationPortrait UIInterfaceOrientationLandscapeLeft UIInterfaceOrientationLandscapeRight";
				LD_RUNPATH_SEARCH_PATHS = (
					"$(inherited)",
					"@executable_path/Frameworks",
				);
				MARKETING_VERSION = 1.0;
				PRODUCT_BUNDLE_IDENTIFIER = net.aaronlab.CatsApp;
				PRODUCT_NAME = "$(TARGET_NAME)";
				SWIFT_EMIT_LOC_STRINGS = YES;
				TARGETED_DEVICE_FAMILY = "1,2";
			};
			name = Release;
		};
/* End XCBuildConfiguration section */

/* Begin XCConfigurationList section */
		A4BB2BBF275259CD006EC99C /* Build configuration list for PBXProject "CatsApp" */ = {
			isa = XCConfigurationList;
			buildConfigurations = (
				A4BB2BDB275259CD006EC99C /* Debug */,
				A4BB2BDC275259CD006EC99C /* Release */,
			);
			defaultConfigurationIsVisible = 0;
			defaultConfigurationName = Release;
		};
		A4BB2BDD275259CD006EC99C /* Build configuration list for PBXNativeTarget "CatsApp" */ = {
			isa = XCConfigurationList;
			buildConfigurations = (
				A4BB2BDE275259CD006EC99C /* Debug */,
				A4BB2BDF275259CD006EC99C /* Release */,
			);
			defaultConfigurationIsVisible = 0;
			defaultConfigurationName = Release;
		};
/* End XCConfigurationList section */
	};
	rootObject = A4BB2BBC275259CD006EC99C /* Project object */;
}
